
Microsoft Visual Studio Solution File, Format Version 12.00
# Visual Studio 15
VisualStudioVersion = 15.0.26430.16
MinimumVisualStudioVersion = 10.0.40219.1
Project("{FAE04EC0-301F-11D3-BF4B-00C04F79EFBC}") = "Project - Look Arch Job Managment", "Project - Look Arch Job Managment\Project - Look Arch Job Managment.csproj", "{527A2B03-B6A9-42B9-A057-E7CDBCE9B296}"
EndProject
Global
	GlobalSection(SolutionConfigurationPlatforms) = preSolution
		Debug|Any CPU = Debug|Any CPU
		Release|Any CPU = Release|Any CPU
	EndGlobalSection
	GlobalSection(ProjectConfigurationPlatforms) = postSolution
		{527A2B03-B6A9-42B9-A057-E7CDBCE9B296}.Debug|Any CPU.ActiveCfg = Debug|Any CPU
		{527A2B03-B6A9-42B9-A057-E7CDBCE9B296}.Debug|Any CPU.Build.0 = Debug|Any CPU
		{527A2B03-B6A9-42B9-A057-E7CDBCE9B296}.Release|Any CPU.ActiveCfg = Release|Any CPU
		{527A2B03-B6A9-42B9-A057-E7CDBCE9B296}.Release|Any CPU.Build.0 = Release|Any CPU
	EndGlobalSection
	GlobalSection(SolutionProperties) = preSolution
		HideSolutionNode = FALSE
	EndGlobalSection
	GlobalSection(ExtensibilityGlobals) = postSolution
		SolutionGuid = {B64BBF0C-BC35-4B58-871C-8FF5A5445DEA}
	EndGlobalSection
EndGlobal
